
Microsoft Visual Studio Solution File, Format Version 12.00
# Visual Studio 2012
Project("{FAE04EC0-301F-11D3-BF4B-00C04F79EFBC}") = "MapAdminInterface", "MapAdminInterface\MapAdminInterface.csproj", "{9348A33A-F58B-4A68-BCCB-5D2A7EEC6BFB}"
EndProject
Global
	GlobalSection(SolutionConfigurationPlatforms) = preSolution
		Debug|Any CPU = Debug|Any CPU
		Release|Any CPU = Release|Any CPU
	EndGlobalSection
	GlobalSection(ProjectConfigurationPlatforms) = postSolution
		{9348A33A-F58B-4A68-BCCB-5D2A7EEC6BFB}.Debug|Any CPU.ActiveCfg = Debug|Any CPU
		{9348A33A-F58B-4A68-BCCB-5D2A7EEC6BFB}.Debug|Any CPU.Build.0 = Debug|Any CPU
		{9348A33A-F58B-4A68-BCCB-5D2A7EEC6BFB}.Release|Any CPU.ActiveCfg = Release|Any CPU
		{9348A33A-F58B-4A68-BCCB-5D2A7EEC6BFB}.Release|Any CPU.Build.0 = Release|Any CPU
	EndGlobalSection
	GlobalSection(SolutionProperties) = preSolution
		HideSolutionNode = FALSE
	EndGlobalSection
EndGlobal
